
Microsoft Visual Studio Solution File, Format Version 12.00
# Visual Studio 15
VisualStudioVersion = 15.0.28307.1433
MinimumVisualStudioVersion = 10.0.40219.1
Project("{FAE04EC0-301F-11D3-BF4B-00C04F79EFBC}") = "CricketGame", "CricketGame\CricketGame.csproj", "{0B986869-F9CA-486A-AB10-60FDC393641F}"
EndProject
Global
	GlobalSection(SolutionConfigurationPlatforms) = preSolution
		Debug|Any CPU = Debug|Any CPU
		Release|Any CPU = Release|Any CPU
	EndGlobalSection
	GlobalSection(ProjectConfigurationPlatforms) = postSolution
		{0B986869-F9CA-486A-AB10-60FDC393641F}.Debug|Any CPU.ActiveCfg = Debug|Any CPU
		{0B986869-F9CA-486A-AB10-60FDC393641F}.Debug|Any CPU.Build.0 = Debug|Any CPU
		{0B986869-F9CA-486A-AB10-60FDC393641F}.Release|Any CPU.ActiveCfg = Release|Any CPU
		{0B986869-F9CA-486A-AB10-60FDC393641F}.Release|Any CPU.Build.0 = Release|Any CPU
	EndGlobalSection
	GlobalSection(SolutionProperties) = preSolution
		HideSolutionNode = FALSE
	EndGlobalSection
	GlobalSection(ExtensibilityGlobals) = postSolution
		SolutionGuid = {0C79DDD5-D4DF-40A9-88E1-EE363FA8EE48}
	EndGlobalSection
EndGlobal
